Microsoft Visual Studio Solution File, Format Version 11.00
# Visual Studio 2019

Project("{8BC9CEB8-8B4A-11D0-8D11-00A0C91BC942}") = "SimpleMBComp - Standalone Plugin", "SimpleMBComp_StandalonePlugin.vcxproj", "{CD24F9BD-1598-F0FB-061B-B4B038E2368A}"
	ProjectSection(ProjectDependencies) = postProject
		{8A1ED2C9-D038-3FCC-7E28-1866DB850765} = {8A1ED2C9-D038-3FCC-7E28-1866DB850765}
	EndProjectSection
EndProject
Project("{8BC9CEB8-8B4A-11D0-8D11-00A0C91BC942}") = "SimpleMBComp - VST3", "SimpleMBComp_VST3.vcxproj", "{F387DB86-9E20-DD33-9277-CF8213F4C70C}"
	ProjectSection(ProjectDependencies) = postProject
		{8A1ED2C9-D038-3FCC-7E28-1866DB850765} = {8A1ED2C9-D038-3FCC-7E28-1866DB850765}
	EndProjectSection
EndProject
Project("{8BC9CEB8-8B4A-11D0-8D11-00A0C91BC942}") = "SimpleMBComp - Shared Code", "SimpleMBComp_SharedCode.vcxproj", "{8A1ED2C9-D038-3FCC-7E28-1866DB850765}"
EndProject
Global
	GlobalSection(SolutionConfigurationPlatforms) = preSolution
		Debug|x64 = Debug|x64
		Release|x64 = Release|x64
	EndGlobalSection
	GlobalSection(ProjectConfigurationPlatforms) = postSolution
		{F387DB86-9E20-DD33-9277-CF8213F4C70C}.Debug|x64.ActiveCfg = Debug|x64
		{F387DB86-9E20-DD33-9277-CF8213F4C70C}.Debug|x64.Build.0 = Debug|x64
		{F387DB86-9E20-DD33-9277-CF8213F4C70C}.Release|x64.ActiveCfg = Release|x64
		{F387DB86-9E20-DD33-9277-CF8213F4C70C}.Release|x64.Build.0 = Release|x64
		{CD24F9BD-1598-F0FB-061B-B4B038E2368A}.Debug|x64.ActiveCfg = Debug|x64
		{CD24F9BD-1598-F0FB-061B-B4B038E2368A}.Debug|x64.Build.0 = Debug|x64
		{CD24F9BD-1598-F0FB-061B-B4B038E2368A}.Release|x64.ActiveCfg = Release|x64
		{CD24F9BD-1598-F0FB-061B-B4B038E2368A}.Release|x64.Build.0 = Release|x64
		{8A1ED2C9-D038-3FCC-7E28-1866DB850765}.Debug|x64.ActiveCfg = Debug|x64
		{8A1ED2C9-D038-3FCC-7E28-1866DB850765}.Debug|x64.Build.0 = Debug|x64
		{8A1ED2C9-D038-3FCC-7E28-1866DB850765}.Release|x64.ActiveCfg = Release|x64
		{8A1ED2C9-D038-3FCC-7E28-1866DB850765}.Release|x64.Build.0 = Release|x64
	EndGlobalSection
	GlobalSection(SolutionProperties) = preSolution
		HideSolutionNode = FALSE
	EndGlobalSection
EndGlobal
